
Microsoft Visual Studio Solution File, Format Version 12.00
# Visual Studio 15
VisualStudioVersion = 15.0.27428.2005
MinimumVisualStudioVersion = 10.0.40219.1
Project("{FAE04EC0-301F-11D3-BF4B-00C04F79EFBC}") = "firstConsoleApp", "firstConsoleApp\firstConsoleApp.csproj", "{B9BC27E6-9FB4-4839-925E-D0B16F0DAF8B}"
EndProject
Global
	GlobalSection(SolutionConfigurationPlatforms) = preSolution
		Debug|Any CPU = Debug|Any CPU
		Release|Any CPU = Release|Any CPU
	EndGlobalSection
	GlobalSection(ProjectConfigurationPlatforms) = postSolution
		{B9BC27E6-9FB4-4839-925E-D0B16F0DAF8B}.Debug|Any CPU.ActiveCfg = Debug|Any CPU
		{B9BC27E6-9FB4-4839-925E-D0B16F0DAF8B}.Debug|Any CPU.Build.0 = Debug|Any CPU
		{B9BC27E6-9FB4-4839-925E-D0B16F0DAF8B}.Release|Any CPU.ActiveCfg = Release|Any CPU
		{B9BC27E6-9FB4-4839-925E-D0B16F0DAF8B}.Release|Any CPU.Build.0 = Release|Any CPU
	EndGlobalSection
	GlobalSection(SolutionProperties) = preSolution
		HideSolutionNode = FALSE
	EndGlobalSection
	GlobalSection(ExtensibilityGlobals) = postSolution
		SolutionGuid = {32425D5F-FA89-4E0D-A49A-FD2A6ACD708C}
	EndGlobalSection
EndGlobal
